
Microsoft Visual Studio Solution File, Format Version 12.00
# Visual Studio Version 17
VisualStudioVersion = 17.7.34202.233
MinimumVisualStudioVersion = 10.0.40219.1
Project("{FAE04EC0-301F-11D3-BF4B-00C04F79EFBC}") = "GUI", "GUI\GUI.csproj", "{52F3098A-B457-4947-A3E8-76E7847E30BD}"
EndProject
Project("{FAE04EC0-301F-11D3-BF4B-00C04F79EFBC}") = "DAL", "DAL\DAL.csproj", "{3B1BAE24-E1A4-42B7-BBDE-FB54D89E5296}"
EndProject
Project("{FAE04EC0-301F-11D3-BF4B-00C04F79EFBC}") = "BLL", "BLL\BLL.csproj", "{C1E82B3F-72CB-433F-92C2-747EB3187A61}"
EndProject
Project("{FAE04EC0-301F-11D3-BF4B-00C04F79EFBC}") = "CustomControls", "CustomControls\CustomControls.csproj", "{5A8D3736-4EC8-4E1B-8273-B602A89CFC07}"
EndProject
Global
	GlobalSection(SolutionConfigurationPlatforms) = preSolution
		Debug|Any CPU = Debug|Any CPU
		Release|Any CPU = Release|Any CPU
	EndGlobalSection
	GlobalSection(ProjectConfigurationPlatforms) = postSolution
		{52F3098A-B457-4947-A3E8-76E7847E30BD}.Debug|Any CPU.ActiveCfg = Debug|Any CPU
		{52F3098A-B457-4947-A3E8-76E7847E30BD}.Debug|Any CPU.Build.0 = Debug|Any CPU
		{52F3098A-B457-4947-A3E8-76E7847E30BD}.Release|Any CPU.ActiveCfg = Release|Any CPU
		{52F3098A-B457-4947-A3E8-76E7847E30BD}.Release|Any CPU.Build.0 = Release|Any CPU
		{3B1BAE24-E1A4-42B7-BBDE-FB54D89E5296}.Debug|Any CPU.ActiveCfg = Debug|Any CPU
		{3B1BAE24-E1A4-42B7-BBDE-FB54D89E5296}.Debug|Any CPU.Build.0 = Debug|Any CPU
		{3B1BAE24-E1A4-42B7-BBDE-FB54D89E5296}.Release|Any CPU.ActiveCfg = Release|Any CPU
		{3B1BAE24-E1A4-42B7-BBDE-FB54D89E5296}.Release|Any CPU.Build.0 = Release|Any CPU
		{C1E82B3F-72CB-433F-92C2-747EB3187A61}.Debug|Any CPU.ActiveCfg = Debug|Any CPU
		{C1E82B3F-72CB-433F-92C2-747EB3187A61}.Debug|Any CPU.Build.0 = Debug|Any CPU
		{C1E82B3F-72CB-433F-92C2-747EB3187A61}.Release|Any CPU.ActiveCfg = Release|Any CPU
		{C1E82B3F-72CB-433F-92C2-747EB3187A61}.Release|Any CPU.Build.0 = Release|Any CPU
		{5A8D3736-4EC8-4E1B-8273-B602A89CFC07}.Debug|Any CPU.ActiveCfg = Debug|Any CPU
		{5A8D3736-4EC8-4E1B-8273-B602A89CFC07}.Debug|Any CPU.Build.0 = Debug|Any CPU
		{5A8D3736-4EC8-4E1B-8273-B602A89CFC07}.Release|Any CPU.ActiveCfg = Release|Any CPU
		{5A8D3736-4EC8-4E1B-8273-B602A89CFC07}.Release|Any CPU.Build.0 = Release|Any CPU
	EndGlobalSection
	GlobalSection(SolutionProperties) = preSolution
		HideSolutionNode = FALSE
	EndGlobalSection
	GlobalSection(ExtensibilityGlobals) = postSolution
		SolutionGuid = {DB622D46-25B0-4EB4-A062-88A3AA835B0F}
	EndGlobalSection
EndGlobal
